// !$*UTF8*$!
{
	archiveVersion = 1;
	classes = {
	};
	objectVersion = 77;
	objects = {

/* Begin PBXBuildFile section */
		4F2609432E195B0D00F4F4FE /* URL+Extensions.swift in Sources */ = {isa = PBXBuildFile; fileRef = 4F2609422E195B0D00F4F4FE /* URL+Extensions.swift */; };
		4F2609452E195DEB00F4F4FE /* Endpoint+Pokemon.swift in Sources */ = {isa = PBXBuildFile; fileRef = 4F2609442E195DEB00F4F4FE /* Endpoint+Pokemon.swift */; };
		4F2609482E195E1400F4F4FE /* GetPokemonReferencesRequest.swift in Sources */ = {isa = PBXBuildFile; fileRef = 4F2609472E195E1400F4F4FE /* GetPokemonReferencesRequest.swift */; };
		4F26094B2E19974D00F4F4FE /* DependencyContainer.swift in Sources */ = {isa = PBXBuildFile; fileRef = 4F26094A2E19974D00F4F4FE /* DependencyContainer.swift */; };
		4F26094F2E19989000F4F4FE /* Injected.swift in Sources */ = {isa = PBXBuildFile; fileRef = 4F26094E2E19989000F4F4FE /* Injected.swift */; };
		4F2609522E1998D900F4F4FE /* PokemonService.swift in Sources */ = {isa = PBXBuildFile; fileRef = 4F2609512E1998D900F4F4FE /* PokemonService.swift */; };
		4F2609562E199C3B00F4F4FE /* InjectionKey.swift in Sources */ = {isa = PBXBuildFile; fileRef = 4F2609552E199C3B00F4F4FE /* InjectionKey.swift */; };
		4F26095B2E199F1000F4F4FE /* GetPokemonReferencesUseCase.swift in Sources */ = {isa = PBXBuildFile; fileRef = 4F26095A2E199F1000F4F4FE /* GetPokemonReferencesUseCase.swift */; };
		4F26095F2E1A4F0400F4F4FE /* ResultsDTO.swift in Sources */ = {isa = PBXBuildFile; fileRef = 4F26095E2E1A4F0400F4F4FE /* ResultsDTO.swift */; };
		4F2609622E1A4FA200F4F4FE /* PokemonReference.swift in Sources */ = {isa = PBXBuildFile; fileRef = 4F2609612E1A4FA200F4F4FE /* PokemonReference.swift */; };
		4F2609662E1A69A200F4F4FE /* PokemonGridView.swift in Sources */ = {isa = PBXBuildFile; fileRef = 4F2609652E1A69A200F4F4FE /* PokemonGridView.swift */; };
		4F26096A2E1A6A8C00F4F4FE /* PokemonGridItemView.swift in Sources */ = {isa = PBXBuildFile; fileRef = 4F2609692E1A6A8C00F4F4FE /* PokemonGridItemView.swift */; };
		4F2609702E1AAD3800F4F4FE /* PokemonDetailsView.swift in Sources */ = {isa = PBXBuildFile; fileRef = 4F26096F2E1AAD3800F4F4FE /* PokemonDetailsView.swift */; };
		4F2609722E1AC2C600F4F4FE /* PokemonDetailsDTO.swift in Sources */ = {isa = PBXBuildFile; fileRef = 4F2609712E1AC2C600F4F4FE /* PokemonDetailsDTO.swift */; };
		4F2609742E1AC2DF00F4F4FE /* GetPokemonDetailsRequest.swift in Sources */ = {isa = PBXBuildFile; fileRef = 4F2609732E1AC2DF00F4F4FE /* GetPokemonDetailsRequest.swift */; };
		4F2609762E1ACC8D00F4F4FE /* GetPokemonUseCase.swift in Sources */ = {isa = PBXBuildFile; fileRef = 4F2609752E1ACC8D00F4F4FE /* GetPokemonUseCase.swift */; };
		4F2609782E1AFA0300F4F4FE /* Pokemon.swift in Sources */ = {isa = PBXBuildFile; fileRef = 4F2609772E1AFA0300F4F4FE /* Pokemon.swift */; };
		4F26097A2E1B000E00F4F4FE /* NamedResourceDTO.swift in Sources */ = {isa = PBXBuildFile; fileRef = 4F2609792E1B000E00F4F4FE /* NamedResourceDTO.swift */; };
		4F37308C2E1C41920057F0D9 /* PokemonSpritesDTO.swift in Sources */ = {isa = PBXBuildFile; fileRef = 4F37308B2E1C41920057F0D9 /* PokemonSpritesDTO.swift */; };
		4F37308E2E1D15170057F0D9 /* PokemonType.swift in Sources */ = {isa = PBXBuildFile; fileRef = 4F37308D2E1D15170057F0D9 /* PokemonType.swift */; };
		4F3730902E1D15AC0057F0D9 /* PokemonTypeReference.swift in Sources */ = {isa = PBXBuildFile; fileRef = 4F37308F2E1D15AC0057F0D9 /* PokemonTypeReference.swift */; };
		4F3730942E1D196B0057F0D9 /* PokemonTypeView.swift in Sources */ = {isa = PBXBuildFile; fileRef = 4F3730932E1D196B0057F0D9 /* PokemonTypeView.swift */; };
		4F3730962E1D53BB0057F0D9 /* PokemonHeaderView.swift in Sources */ = {isa = PBXBuildFile; fileRef = 4F3730952E1D53BB0057F0D9 /* PokemonHeaderView.swift */; };
		4F37309A2E1D65E30057F0D9 /* PokemonAboutView.swift in Sources */ = {isa = PBXBuildFile; fileRef = 4F3730992E1D65E30057F0D9 /* PokemonAboutView.swift */; };
		4F37309C2E1D9BD20057F0D9 /* DecimeterToMeterFormatStyle.swift in Sources */ = {isa = PBXBuildFile; fileRef = 4F37309B2E1D9BD20057F0D9 /* DecimeterToMeterFormatStyle.swift */; };
		4F37309E2E1D9BF10057F0D9 /* HectogramToKilogramStyle.swift in Sources */ = {isa = PBXBuildFile; fileRef = 4F37309D2E1D9BF10057F0D9 /* HectogramToKilogramStyle.swift */; };
		4FA28C3D2E243B4400286803 /* URLComponents+Extions.swift in Sources */ = {isa = PBXBuildFile; fileRef = 4FA28C3C2E243B4400286803 /* URLComponents+Extions.swift */; };
		4FA28C3F2E243B6700286803 /* Collection+Extensions.swift in Sources */ = {isa = PBXBuildFile; fileRef = 4FA28C3E2E243B6700286803 /* Collection+Extensions.swift */; };
		4FA28C412E268CE100286803 /* PokemonRarityView.swift in Sources */ = {isa = PBXBuildFile; fileRef = 4FA28C402E268CE100286803 /* PokemonRarityView.swift */; };
		4FC688E42E28245A008CED3C /* AuthenticationError.swift in Sources */ = {isa = PBXBuildFile; fileRef = 4FC688E32E28245A008CED3C /* AuthenticationError.swift */; };
		4FD691592E1B0354005CAC5F /* PokemonSpeciesDTO.swift in Sources */ = {isa = PBXBuildFile; fileRef = 4FD691582E1B0354005CAC5F /* PokemonSpeciesDTO.swift */; };
		4FD6915B2E1B03FB005CAC5F /* GetPokemonSpeciesRequest.swift in Sources */ = {isa = PBXBuildFile; fileRef = 4FD6915A2E1B03FB005CAC5F /* GetPokemonSpeciesRequest.swift */; };
		4FDF237E2E19344D00B0E44D /* Alamofire in Frameworks */ = {isa = PBXBuildFile; productRef = 4FDF237D2E19344D00B0E44D /* Alamofire */; };
		4FDF23D12E194C8000B0E44D /* Logger+Extensions.swift in Sources */ = {isa = PBXBuildFile; fileRef = 4FDF23C12E194C8000B0E44D /* Logger+Extensions.swift */; };
		4FDF23D22E194C8000B0E44D /* StringInterpolation+Extensions.swift in Sources */ = {isa = PBXBuildFile; fileRef = 4FDF23C32E194C8000B0E44D /* StringInterpolation+Extensions.swift */; };
		4FDF23D32E194C8000B0E44D /* Endpoint.swift in Sources */ = {isa = PBXBuildFile; fileRef = 4FDF23C62E194C8000B0E44D /* Endpoint.swift */; };
		4FDF23D42E194C8000B0E44D /* Network.swift in Sources */ = {isa = PBXBuildFile; fileRef = 4FDF23C82E194C8000B0E44D /* Network.swift */; };
		4FDF23D52E194C8000B0E44D /* NetworkError.swift in Sources */ = {isa = PBXBuildFile; fileRef = 4FDF23C92E194C8000B0E44D /* NetworkError.swift */; };
		4FDF23D62E194C8000B0E44D /* NetworkRequest.swift in Sources */ = {isa = PBXBuildFile; fileRef = 4FDF23CA2E194C8000B0E44D /* NetworkRequest.swift */; };
		4FDF23D72E194C8000B0E44D /* NetworkService.swift in Sources */ = {isa = PBXBuildFile; fileRef = 4FDF23CB2E194C8000B0E44D /* NetworkService.swift */; };
		4FDF23D82E194C8000B0E44D /* HomeView.swift in Sources */ = {isa = PBXBuildFile; fileRef = 4FDF23CE2E194C8000B0E44D /* HomeView.swift */; };
		4FDF23D92E194C8000B0E44D /* PokedexApp.swift in Sources */ = {isa = PBXBuildFile; fileRef = 4FDF23CF2E194C8000B0E44D /* PokedexApp.swift */; };
		4FDF23DA2E194C8000B0E44D /* Assets.xcassets in Resources */ = {isa = PBXBuildFile; fileRef = 4FDF23CD2E194C8000B0E44D /* Assets.xcassets */; };
		4FDF23DE2E19525900B0E44D /* JSONDecoder+Extensions.swift in Sources */ = {isa = PBXBuildFile; fileRef = 4FDF23DC2E19525900B0E44D /* JSONDecoder+Extensions.swift */; };
		4FDF23DF2E19525900B0E44D /* JSONEncoder+Extensions.swift in Sources */ = {isa = PBXBuildFile; fileRef = 4FDF23DD2E19525900B0E44D /* JSONEncoder+Extensions.swift */; };
		4FDF23E12E1952C400B0E44D /* DictionaryNetworkRequest.swift in Sources */ = {isa = PBXBuildFile; fileRef = 4FDF23E02E1952C400B0E44D /* DictionaryNetworkRequest.swift */; };
		4FDF23E32E1952CA00B0E44D /* EncodableNetworkRequest.swift in Sources */ = {isa = PBXBuildFile; fileRef = 4FDF23E22E1952CA00B0E44D /* EncodableNetworkRequest.swift */; };
/* End PBXBuildFile section */

/* Begin PBXFileReference section */
		4F2609422E195B0D00F4F4FE /* URL+Extensions.swift */ = {isa = PBXFileReference; lastKnownFileType = sourcecode.swift; path = "URL+Extensions.swift"; sourceTree = "<group>"; };
		4F2609442E195DEB00F4F4FE /* Endpoint+Pokemon.swift */ = {isa = PBXFileReference; lastKnownFileType = sourcecode.swift; path = "Endpoint+Pokemon.swift"; sourceTree = "<group>"; };
		4F2609472E195E1400F4F4FE /* GetPokemonReferencesRequest.swift */ = {isa = PBXFileReference; lastKnownFileType = sourcecode.swift; path = GetPokemonReferencesRequest.swift; sourceTree = "<group>"; };
		4F26094A2E19974D00F4F4FE /* DependencyContainer.swift */ = {isa = PBXFileReference; lastKnownFileType = sourcecode.swift; path = DependencyContainer.swift; sourceTree = "<group>"; };
		4F26094E2E19989000F4F4FE /* Injected.swift */ = {isa = PBXFileReference; lastKnownFileType = sourcecode.swift; path = Injected.swift; sourceTree = "<group>"; };
		4F2609512E1998D900F4F4FE /* PokemonService.swift */ = {isa = PBXFileReference; lastKnownFileType = sourcecode.swift; path = PokemonService.swift; sourceTree = "<group>"; };
		4F2609552E199C3B00F4F4FE /* InjectionKey.swift */ = {isa = PBXFileReference; lastKnownFileType = sourcecode.swift; path = InjectionKey.swift; sourceTree = "<group>"; };
		4F26095A2E199F1000F4F4FE /* GetPokemonReferencesUseCase.swift */ = {isa = PBXFileReference; lastKnownFileType = sourcecode.swift; path = GetPokemonReferencesUseCase.swift; sourceTree = "<group>"; };
		4F26095E2E1A4F0400F4F4FE /* ResultsDTO.swift */ = {isa = PBXFileReference; lastKnownFileType = sourcecode.swift; path = ResultsDTO.swift; sourceTree = "<group>"; };
		4F2609612E1A4FA200F4F4FE /* PokemonReference.swift */ = {isa = PBXFileReference; lastKnownFileType = sourcecode.swift; path = PokemonReference.swift; sourceTree = "<group>"; };
		4F2609652E1A69A200F4F4FE /* PokemonGridView.swift */ = {isa = PBXFileReference; lastKnownFileType = sourcecode.swift; path = PokemonGridView.swift; sourceTree = "<group>"; };
		4F2609692E1A6A8C00F4F4FE /* PokemonGridItemView.swift */ = {isa = PBXFileReference; lastKnownFileType = sourcecode.swift; path = PokemonGridItemView.swift; sourceTree = "<group>"; };
		4F26096F2E1AAD3800F4F4FE /* PokemonDetailsView.swift */ = {isa = PBXFileReference; lastKnownFileType = sourcecode.swift; path = PokemonDetailsView.swift; sourceTree = "<group>"; };
		4F2609712E1AC2C600F4F4FE /* PokemonDetailsDTO.swift */ = {isa = PBXFileReference; lastKnownFileType = sourcecode.swift; path = PokemonDetailsDTO.swift; sourceTree = "<group>"; };
		4F2609732E1AC2DF00F4F4FE /* GetPokemonDetailsRequest.swift */ = {isa = PBXFileReference; lastKnownFileType = sourcecode.swift; path = GetPokemonDetailsRequest.swift; sourceTree = "<group>"; };
		4F2609752E1ACC8D00F4F4FE /* GetPokemonUseCase.swift */ = {isa = PBXFileReference; lastKnownFileType = sourcecode.swift; path = GetPokemonUseCase.swift; sourceTree = "<group>"; };
		4F2609772E1AFA0300F4F4FE /* Pokemon.swift */ = {isa = PBXFileReference; lastKnownFileType = sourcecode.swift; path = Pokemon.swift; sourceTree = "<group>"; };
		4F2609792E1B000E00F4F4FE /* NamedResourceDTO.swift */ = {isa = PBXFileReference; lastKnownFileType = sourcecode.swift; path = NamedResourceDTO.swift; sourceTree = "<group>"; };
		4F37308B2E1C41920057F0D9 /* PokemonSpritesDTO.swift */ = {isa = PBXFileReference; lastKnownFileType = sourcecode.swift; path = PokemonSpritesDTO.swift; sourceTree = "<group>"; };
		4F37308D2E1D15170057F0D9 /* PokemonType.swift */ = {isa = PBXFileReference; lastKnownFileType = sourcecode.swift; path = PokemonType.swift; sourceTree = "<group>"; };
		4F37308F2E1D15AC0057F0D9 /* PokemonTypeReference.swift */ = {isa = PBXFileReference; lastKnownFileType = sourcecode.swift; path = PokemonTypeReference.swift; sourceTree = "<group>"; };
		4F3730932E1D196B0057F0D9 /* PokemonTypeView.swift */ = {isa = PBXFileReference; lastKnownFileType = sourcecode.swift; path = PokemonTypeView.swift; sourceTree = "<group>"; };
		4F3730952E1D53BB0057F0D9 /* PokemonHeaderView.swift */ = {isa = PBXFileReference; lastKnownFileType = sourcecode.swift; path = PokemonHeaderView.swift; sourceTree = "<group>"; };
		4F3730992E1D65E30057F0D9 /* PokemonAboutView.swift */ = {isa = PBXFileReference; lastKnownFileType = sourcecode.swift; path = PokemonAboutView.swift; sourceTree = "<group>"; };
		4F37309B2E1D9BD20057F0D9 /* DecimeterToMeterFormatStyle.swift */ = {isa = PBXFileReference; lastKnownFileType = sourcecode.swift; path = DecimeterToMeterFormatStyle.swift; sourceTree = "<group>"; };
		4F37309D2E1D9BF10057F0D9 /* HectogramToKilogramStyle.swift */ = {isa = PBXFileReference; lastKnownFileType = sourcecode.swift; path = HectogramToKilogramStyle.swift; sourceTree = "<group>"; };
		4FA28C3C2E243B4400286803 /* URLComponents+Extions.swift */ = {isa = PBXFileReference; lastKnownFileType = sourcecode.swift; path = "URLComponents+Extions.swift"; sourceTree = "<group>"; };
		4FA28C3E2E243B6700286803 /* Collection+Extensions.swift */ = {isa = PBXFileReference; lastKnownFileType = sourcecode.swift; path = "Collection+Extensions.swift"; sourceTree = "<group>"; };
		4FA28C402E268CE100286803 /* PokemonRarityView.swift */ = {isa = PBXFileReference; lastKnownFileType = sourcecode.swift; path = PokemonRarityView.swift; sourceTree = "<group>"; };
		4FC688E32E28245A008CED3C /* AuthenticationError.swift */ = {isa = PBXFileReference; lastKnownFileType = sourcecode.swift; path = AuthenticationError.swift; sourceTree = "<group>"; };
		4FD691582E1B0354005CAC5F /* PokemonSpeciesDTO.swift */ = {isa = PBXFileReference; lastKnownFileType = sourcecode.swift; path = PokemonSpeciesDTO.swift; sourceTree = "<group>"; };
		4FD6915A2E1B03FB005CAC5F /* GetPokemonSpeciesRequest.swift */ = {isa = PBXFileReference; lastKnownFileType = sourcecode.swift; path = GetPokemonSpeciesRequest.swift; sourceTree = "<group>"; };
		4FDF236E2E19316F00B0E44D /* Pokedex.app */ = {isa = PBXFileReference; explicitFileType = wrapper.application; includeInIndex = 0; path = Pokedex.app; sourceTree = BUILT_PRODUCTS_DIR; };
		4FDF23C12E194C8000B0E44D /* Logger+Extensions.swift */ = {isa = PBXFileReference; lastKnownFileType = sourcecode.swift; path = "Logger+Extensions.swift"; sourceTree = "<group>"; };
		4FDF23C32E194C8000B0E44D /* StringInterpolation+Extensions.swift */ = {isa = PBXFileReference; lastKnownFileType = sourcecode.swift; path = "StringInterpolation+Extensions.swift"; sourceTree = "<group>"; };
		4FDF23C62E194C8000B0E44D /* Endpoint.swift */ = {isa = PBXFileReference; lastKnownFileType = sourcecode.swift; path = Endpoint.swift; sourceTree = "<group>"; };
		4FDF23C82E194C8000B0E44D /* Network.swift */ = {isa = PBXFileReference; lastKnownFileType = sourcecode.swift; path = Network.swift; sourceTree = "<group>"; };
		4FDF23C92E194C8000B0E44D /* NetworkError.swift */ = {isa = PBXFileReference; lastKnownFileType = sourcecode.swift; path = NetworkError.swift; sourceTree = "<group>"; };
		4FDF23CA2E194C8000B0E44D /* NetworkRequest.swift */ = {isa = PBXFileReference; lastKnownFileType = sourcecode.swift; path = NetworkRequest.swift; sourceTree = "<group>"; };
		4FDF23CB2E194C8000B0E44D /* NetworkService.swift */ = {isa = PBXFileReference; lastKnownFileType = sourcecode.swift; path = NetworkService.swift; sourceTree = "<group>"; };
		4FDF23CD2E194C8000B0E44D /* Assets.xcassets */ = {isa = PBXFileReference; lastKnownFileType = folder.assetcatalog; path = Assets.xcassets; sourceTree = "<group>"; };
		4FDF23CE2E194C8000B0E44D /* HomeView.swift */ = {isa = PBXFileReference; lastKnownFileType = sourcecode.swift; path = HomeView.swift; sourceTree = "<group>"; };
		4FDF23CF2E194C8000B0E44D /* PokedexApp.swift */ = {isa = PBXFileReference; lastKnownFileType = sourcecode.swift; path = PokedexApp.swift; sourceTree = "<group>"; };
		4FDF23DC2E19525900B0E44D /* JSONDecoder+Extensions.swift */ = {isa = PBXFileReference; lastKnownFileType = sourcecode.swift; path = "JSONDecoder+Extensions.swift"; sourceTree = "<group>"; };
		4FDF23DD2E19525900B0E44D /* JSONEncoder+Extensions.swift */ = {isa = PBXFileReference; lastKnownFileType = sourcecode.swift; path = "JSONEncoder+Extensions.swift"; sourceTree = "<group>"; };
		4FDF23E02E1952C400B0E44D /* DictionaryNetworkRequest.swift */ = {isa = PBXFileReference; lastKnownFileType = sourcecode.swift; path = DictionaryNetworkRequest.swift; sourceTree = "<group>"; };
		4FDF23E22E1952CA00B0E44D /* EncodableNetworkRequest.swift */ = {isa = PBXFileReference; lastKnownFileType = sourcecode.swift; path = EncodableNetworkRequest.swift; sourceTree = "<group>"; };
/* End PBXFileReference section */

/* Begin PBXFrameworksBuildPhase section */
		4FDF236B2E19316F00B0E44D /* Frameworks */ = {
			isa = PBXFrameworksBuildPhase;
			buildActionMask = 2147483647;
			files = (
				4FDF237E2E19344D00B0E44D /* Alamofire in Frameworks */,
			);
			runOnlyForDeploymentPostprocessing = 0;
		};
/* End PBXFrameworksBuildPhase section */

/* Begin PBXGroup section */
		4F2609402E19597400F4F4FE /* Data */ = {
			isa = PBXGroup;
			children = (
				4F2609572E199DBD00F4F4FE /* DTO */,
				4F2609462E195E0700F4F4FE /* Request */,
				4F2609502E1998C700F4F4FE /* Service */,
			);
			path = Data;
			sourceTree = "<group>";
		};
		4F2609462E195E0700F4F4FE /* Request */ = {
			isa = PBXGroup;
			children = (
				4F2609472E195E1400F4F4FE /* GetPokemonReferencesRequest.swift */,
				4F2609732E1AC2DF00F4F4FE /* GetPokemonDetailsRequest.swift */,
				4FD6915A2E1B03FB005CAC5F /* GetPokemonSpeciesRequest.swift */,
			);
			path = Request;
			sourceTree = "<group>";
		};
		4F2609492E19971700F4F4FE /* Dependency Injection */ = {
			isa = PBXGroup;
			children = (
				4F26094A2E19974D00F4F4FE /* DependencyContainer.swift */,
				4F2609552E199C3B00F4F4FE /* InjectionKey.swift */,
				4F26094E2E19989000F4F4FE /* Injected.swift */,
			);
			path = "Dependency Injection";
			sourceTree = "<group>";
		};
		4F2609502E1998C700F4F4FE /* Service */ = {
			isa = PBXGroup;
			children = (
				4F2609512E1998D900F4F4FE /* PokemonService.swift */,
			);
			path = Service;
			sourceTree = "<group>";
		};
		4F2609572E199DBD00F4F4FE /* DTO */ = {
			isa = PBXGroup;
			children = (
				4F26095E2E1A4F0400F4F4FE /* ResultsDTO.swift */,
				4F2609792E1B000E00F4F4FE /* NamedResourceDTO.swift */,
				4F2609712E1AC2C600F4F4FE /* PokemonDetailsDTO.swift */,
				4FD691582E1B0354005CAC5F /* PokemonSpeciesDTO.swift */,
				4F37308B2E1C41920057F0D9 /* PokemonSpritesDTO.swift */,
			);
			path = DTO;
			sourceTree = "<group>";
		};
		4F2609582E199EEF00F4F4FE /* Domain */ = {
			isa = PBXGroup;
			children = (
				4F2609602E1A4F9900F4F4FE /* Model */,
				4F2609592E199EFA00F4F4FE /* Use Case */,
			);
			path = Domain;
			sourceTree = "<group>";
		};
		4F2609592E199EFA00F4F4FE /* Use Case */ = {
			isa = PBXGroup;
			children = (
				4F26095A2E199F1000F4F4FE /* GetPokemonReferencesUseCase.swift */,
				4F2609752E1ACC8D00F4F4FE /* GetPokemonUseCase.swift */,
			);
			path = "Use Case";
			sourceTree = "<group>";
		};
		4F2609602E1A4F9900F4F4FE /* Model */ = {
			isa = PBXGroup;
			children = (
				4F2609612E1A4FA200F4F4FE /* PokemonReference.swift */,
				4F2609772E1AFA0300F4F4FE /* Pokemon.swift */,
				4F37308D2E1D15170057F0D9 /* PokemonType.swift */,
				4F37308F2E1D15AC0057F0D9 /* PokemonTypeReference.swift */,
			);
			path = Model;
			sourceTree = "<group>";
		};
		4F2609632E1A698E00F4F4FE /* Presentation */ = {
			isa = PBXGroup;
			children = (
				4F2609682E1A6A5F00F4F4FE /* Features */,
				4F2609642E1A699900F4F4FE /* Components */,
				4F37309F2E1D9C170057F0D9 /* Formatters */,
			);
			path = Presentation;
			sourceTree = "<group>";
		};
		4F2609642E1A699900F4F4FE /* Components */ = {
			isa = PBXGroup;
			children = (
				4F2609652E1A69A200F4F4FE /* PokemonGridView.swift */,
				4F2609692E1A6A8C00F4F4FE /* PokemonGridItemView.swift */,
				4F3730932E1D196B0057F0D9 /* PokemonTypeView.swift */,
				4FA28C402E268CE100286803 /* PokemonRarityView.swift */,
				4F3730952E1D53BB0057F0D9 /* PokemonHeaderView.swift */,
				4F3730992E1D65E30057F0D9 /* PokemonAboutView.swift */,
			);
			path = Components;
			sourceTree = "<group>";
		};
		4F2609672E1A6A4600F4F4FE /* Resources */ = {
			isa = PBXGroup;
			children = (
				4FDF23CD2E194C8000B0E44D /* Assets.xcassets */,
			);
			path = Resources;
			sourceTree = "<group>";
		};
		4F2609682E1A6A5F00F4F4FE /* Features */ = {
			isa = PBXGroup;
			children = (
				4FDF23CE2E194C8000B0E44D /* HomeView.swift */,
				4F26096F2E1AAD3800F4F4FE /* PokemonDetailsView.swift */,
			);
			path = Features;
			sourceTree = "<group>";
		};
		4F37309F2E1D9C170057F0D9 /* Formatters */ = {
			isa = PBXGroup;
			children = (
				4F37309D2E1D9BF10057F0D9 /* HectogramToKilogramStyle.swift */,
				4F37309B2E1D9BD20057F0D9 /* DecimeterToMeterFormatStyle.swift */,
			);
			path = Formatters;
			sourceTree = "<group>";
		};
		4FDF23652E19316F00B0E44D = {
			isa = PBXGroup;
			children = (
				4FDF23D02E194C8000B0E44D /* Pokedex */,
				4FDF236F2E19316F00B0E44D /* Products */,
			);
			sourceTree = "<group>";
		};
		4FDF236F2E19316F00B0E44D /* Products */ = {
			isa = PBXGroup;
			children = (
				4FDF236E2E19316F00B0E44D /* Pokedex.app */,
			);
			name = Products;
			sourceTree = "<group>";
		};
		4FDF23C22E194C8000B0E44D /* OS */ = {
			isa = PBXGroup;
			children = (
				4FDF23C12E194C8000B0E44D /* Logger+Extensions.swift */,
			);
			path = OS;
			sourceTree = "<group>";
		};
		4FDF23C42E194C8000B0E44D /* Swift */ = {
			isa = PBXGroup;
			children = (
				4FDF23C32E194C8000B0E44D /* StringInterpolation+Extensions.swift */,
				4FA28C3E2E243B6700286803 /* Collection+Extensions.swift */,
			);
			path = Swift;
			sourceTree = "<group>";
		};
		4FDF23C52E194C8000B0E44D /* Extensions */ = {
			isa = PBXGroup;
			children = (
				4FDF23DB2E19524C00B0E44D /* Foundation */,
				4FDF23C22E194C8000B0E44D /* OS */,
				4FDF23C42E194C8000B0E44D /* Swift */,
			);
			path = Extensions;
			sourceTree = "<group>";
		};
		4FDF23C72E194C8000B0E44D /* Endpoint */ = {
			isa = PBXGroup;
			children = (
				4FDF23C62E194C8000B0E44D /* Endpoint.swift */,
				4F2609442E195DEB00F4F4FE /* Endpoint+Pokemon.swift */,
			);
			path = Endpoint;
			sourceTree = "<group>";
		};
		4FDF23CC2E194C8000B0E44D /* Network */ = {
			isa = PBXGroup;
			children = (
				4FDF23C82E194C8000B0E44D /* Network.swift */,
				4FDF23CB2E194C8000B0E44D /* NetworkService.swift */,
				4FDF23C92E194C8000B0E44D /* NetworkError.swift */,
				4FC688E32E28245A008CED3C /* AuthenticationError.swift */,
				4FDF23E42E19557300B0E44D /* Network Request */,
				4FDF23C72E194C8000B0E44D /* Endpoint */,
			);
			path = Network;
			sourceTree = "<group>";
		};
		4FDF23D02E194C8000B0E44D /* Pokedex */ = {
			isa = PBXGroup;
			children = (
				4FDF23CF2E194C8000B0E44D /* PokedexApp.swift */,
				4F2609672E1A6A4600F4F4FE /* Resources */,
				4F2609492E19971700F4F4FE /* Dependency Injection */,
				4FDF23C52E194C8000B0E44D /* Extensions */,
				4FDF23CC2E194C8000B0E44D /* Network */,
				4F2609402E19597400F4F4FE /* Data */,
				4F2609582E199EEF00F4F4FE /* Domain */,
				4F2609632E1A698E00F4F4FE /* Presentation */,
			);
			path = Pokedex;
			sourceTree = "<group>";
		};
		4FDF23DB2E19524C00B0E44D /* Foundation */ = {
			isa = PBXGroup;
			children = (
				4FDF23DC2E19525900B0E44D /* JSONDecoder+Extensions.swift */,
				4FDF23DD2E19525900B0E44D /* JSONEncoder+Extensions.swift */,
				4F2609422E195B0D00F4F4FE /* URL+Extensions.swift */,
				4FA28C3C2E243B4400286803 /* URLComponents+Extions.swift */,
			);
			path = Foundation;
			sourceTree = "<group>";
		};
		4FDF23E42E19557300B0E44D /* Network Request */ = {
			isa = PBXGroup;
			children = (
				4FDF23CA2E194C8000B0E44D /* NetworkRequest.swift */,
				4FDF23E22E1952CA00B0E44D /* EncodableNetworkRequest.swift */,
				4FDF23E02E1952C400B0E44D /* DictionaryNetworkRequest.swift */,
			);
			path = "Network Request";
			sourceTree = "<group>";
		};
/* End PBXGroup section */

/* Begin PBXNativeTarget section */
		4FDF236D2E19316F00B0E44D /* Pokedex */ = {
			isa = PBXNativeTarget;
			buildConfigurationList = 4FDF23792E19317100B0E44D /* Build configuration list for PBXNativeTarget "Pokedex" */;
			buildPhases = (
				4FDF236A2E19316F00B0E44D /* Sources */,
				4FDF236B2E19316F00B0E44D /* Frameworks */,
				4FDF236C2E19316F00B0E44D /* Resources */,
			);
			buildRules = (
			);
			dependencies = (
			);
			name = Pokedex;
			packageProductDependencies = (
				4FDF237D2E19344D00B0E44D /* Alamofire */,
			);
			productName = Pokedex;
			productReference = 4FDF236E2E19316F00B0E44D /* Pokedex.app */;
			productType = "com.apple.product-type.application";
		};
/* End PBXNativeTarget section */

/* Begin PBXProject section */
		4FDF23662E19316F00B0E44D /* Project object */ = {
			isa = PBXProject;
			attributes = {
				BuildIndependentTargetsInParallel = 1;
				LastSwiftUpdateCheck = 1640;
				LastUpgradeCheck = 1640;
				TargetAttributes = {
					4FDF236D2E19316F00B0E44D = {
						CreatedOnToolsVersion = 16.4;
					};
				};
			};
			buildConfigurationList = 4FDF23692E19316F00B0E44D /* Build configuration list for PBXProject "Pokedex" */;
			developmentRegion = en;
			hasScannedForEncodings = 0;
			knownRegions = (
				en,
				Base,
			);
			mainGroup = 4FDF23652E19316F00B0E44D;
			minimizedProjectReferenceProxies = 1;
			packageReferences = (
				4FDF237C2E19344D00B0E44D /* XCRemoteSwiftPackageReference "Alamofire" */,
			);
			preferredProjectObjectVersion = 77;
			productRefGroup = 4FDF236F2E19316F00B0E44D /* Products */;
			projectDirPath = "";
			projectRoot = "";
			targets = (
				4FDF236D2E19316F00B0E44D /* Pokedex */,
			);
		};
/* End PBXProject section */

/* Begin PBXResourcesBuildPhase section */
		4FDF236C2E19316F00B0E44D /* Resources */ = {
			isa = PBXResourcesBuildPhase;
			buildActionMask = 2147483647;
			files = (
				4FDF23DA2E194C8000B0E44D /* Assets.xcassets in Resources */,
			);
			runOnlyForDeploymentPostprocessing = 0;
		};
/* End PBXResourcesBuildPhase section */

/* Begin PBXSourcesBuildPhase section */
		4FDF236A2E19316F00B0E44D /* Sources */ = {
			isa = PBXSourcesBuildPhase;
			buildActionMask = 2147483647;
			files = (
				4F37309C2E1D9BD20057F0D9 /* DecimeterToMeterFormatStyle.swift in Sources */,
				4F2609482E195E1400F4F4FE /* GetPokemonReferencesRequest.swift in Sources */,
				4F2609562E199C3B00F4F4FE /* InjectionKey.swift in Sources */,
				4FDF23D12E194C8000B0E44D /* Logger+Extensions.swift in Sources */,
				4F2609742E1AC2DF00F4F4FE /* GetPokemonDetailsRequest.swift in Sources */,
				4F2609432E195B0D00F4F4FE /* URL+Extensions.swift in Sources */,
				4F3730962E1D53BB0057F0D9 /* PokemonHeaderView.swift in Sources */,
				4F26097A2E1B000E00F4F4FE /* NamedResourceDTO.swift in Sources */,
				4FDF23D22E194C8000B0E44D /* StringInterpolation+Extensions.swift in Sources */,
				4F26096A2E1A6A8C00F4F4FE /* PokemonGridItemView.swift in Sources */,
				4FD6915B2E1B03FB005CAC5F /* GetPokemonSpeciesRequest.swift in Sources */,
				4F37309E2E1D9BF10057F0D9 /* HectogramToKilogramStyle.swift in Sources */,
				4FDF23D32E194C8000B0E44D /* Endpoint.swift in Sources */,
				4FC688E42E28245A008CED3C /* AuthenticationError.swift in Sources */,
				4F2609722E1AC2C600F4F4FE /* PokemonDetailsDTO.swift in Sources */,
				4F26095F2E1A4F0400F4F4FE /* ResultsDTO.swift in Sources */,
				4FDF23D42E194C8000B0E44D /* Network.swift in Sources */,
				4F2609452E195DEB00F4F4FE /* Endpoint+Pokemon.swift in Sources */,
				4F37308C2E1C41920057F0D9 /* PokemonSpritesDTO.swift in Sources */,
				4F3730902E1D15AC0057F0D9 /* PokemonTypeReference.swift in Sources */,
				4F2609782E1AFA0300F4F4FE /* Pokemon.swift in Sources */,
				4F2609702E1AAD3800F4F4FE /* PokemonDetailsView.swift in Sources */,
				4FA28C3F2E243B6700286803 /* Collection+Extensions.swift in Sources */,
				4FDF23D52E194C8000B0E44D /* NetworkError.swift in Sources */,
				4FDF23D62E194C8000B0E44D /* NetworkRequest.swift in Sources */,
				4F2609622E1A4FA200F4F4FE /* PokemonReference.swift in Sources */,
				4FDF23D72E194C8000B0E44D /* NetworkService.swift in Sources */,
				4FDF23D82E194C8000B0E44D /* HomeView.swift in Sources */,
				4F2609522E1998D900F4F4FE /* PokemonService.swift in Sources */,
				4F37309A2E1D65E30057F0D9 /* PokemonAboutView.swift in Sources */,
				4F26094F2E19989000F4F4FE /* Injected.swift in Sources */,
				4FDF23E32E1952CA00B0E44D /* EncodableNetworkRequest.swift in Sources */,
				4FDF23DE2E19525900B0E44D /* JSONDecoder+Extensions.swift in Sources */,
				4F2609762E1ACC8D00F4F4FE /* GetPokemonUseCase.swift in Sources */,
				4F3730942E1D196B0057F0D9 /* PokemonTypeView.swift in Sources */,
				4F37308E2E1D15170057F0D9 /* PokemonType.swift in Sources */,
				4F26094B2E19974D00F4F4FE /* DependencyContainer.swift in Sources */,
				4FA28C412E268CE100286803 /* PokemonRarityView.swift in Sources */,
				4FDF23DF2E19525900B0E44D /* JSONEncoder+Extensions.swift in Sources */,
				4FDF23E12E1952C400B0E44D /* DictionaryNetworkRequest.swift in Sources */,
				4FA28C3D2E243B4400286803 /* URLComponents+Extions.swift in Sources */,
				4F26095B2E199F1000F4F4FE /* GetPokemonReferencesUseCase.swift in Sources */,
				4F2609662E1A69A200F4F4FE /* PokemonGridView.swift in Sources */,
				4FD691592E1B0354005CAC5F /* PokemonSpeciesDTO.swift in Sources */,
				4FDF23D92E194C8000B0E44D /* PokedexApp.swift in Sources */,
			);
			runOnlyForDeploymentPostprocessing = 0;
		};
/* End PBXSourcesBuildPhase section */

/* Begin XCBuildConfiguration section */
		4FDF23772E19317100B0E44D /* Debug */ = {
			isa = XCBuildConfiguration;
			buildSettings = {
				ALWAYS_SEARCH_USER_PATHS = NO;
				ASSETCATALOG_COMPILER_GENERATE_SWIFT_ASSET_SYMBOL_EXTENSIONS = YES;
				CLANG_ANALYZER_NONNULL = YES;
				CLANG_ANALYZER_NUMBER_OBJECT_CONVERSION = YES_AGGRESSIVE;
				CLANG_CXX_LANGUAGE_STANDARD = "gnu++20";
				CLANG_ENABLE_MODULES = YES;
				CLANG_ENABLE_OBJC_ARC = YES;
				CLANG_ENABLE_OBJC_WEAK = YES;
				CLANG_WARN_BLOCK_CAPTURE_AUTORELEASING = YES;
				CLANG_WARN_BOOL_CONVERSION = YES;
				CLANG_WARN_COMMA = YES;
				CLANG_WARN_CONSTANT_CONVERSION = YES;
				CLANG_WARN_DEPRECATED_OBJC_IMPLEMENTATIONS = YES;
				CLANG_WARN_DIRECT_OBJC_ISA_USAGE = YES_ERROR;
				CLANG_WARN_DOCUMENTATION_COMMENTS = YES;
				CLANG_WARN_EMPTY_BODY = YES;
				CLANG_WARN_ENUM_CONVERSION = YES;
				CLANG_WARN_INFINITE_RECURSION = YES;
				CLANG_WARN_INT_CONVERSION = YES;
				CLANG_WARN_NON_LITERAL_NULL_CONVERSION = YES;
				CLANG_WARN_OBJC_IMPLICIT_RETAIN_SELF = YES;
				CLANG_WARN_OBJC_LITERAL_CONVERSION = YES;
				CLANG_WARN_OBJC_ROOT_CLASS = YES_ERROR;
				CLANG_WARN_QUOTED_INCLUDE_IN_FRAMEWORK_HEADER = YES;
				CLANG_WARN_RANGE_LOOP_ANALYSIS = YES;
				CLANG_WARN_STRICT_PROTOTYPES = YES;
				CLANG_WARN_SUSPICIOUS_MOVE = YES;
				CLANG_WARN_UNGUARDED_AVAILABILITY = YES_AGGRESSIVE;
				CLANG_WARN_UNREACHABLE_CODE = YES;
				CLANG_WARN__DUPLICATE_METHOD_MATCH = YES;
				COPY_PHASE_STRIP = NO;
				DEBUG_INFORMATION_FORMAT = dwarf;
				DEVELOPMENT_TEAM = T683UBQ6MY;
				ENABLE_STRICT_OBJC_MSGSEND = YES;
				ENABLE_TESTABILITY = YES;
				ENABLE_USER_SCRIPT_SANDBOXING = YES;
				GCC_C_LANGUAGE_STANDARD = gnu17;
				GCC_DYNAMIC_NO_PIC = NO;
				GCC_NO_COMMON_BLOCKS = YES;
				GCC_OPTIMIZATION_LEVEL = 0;
				GCC_PREPROCESSOR_DEFINITIONS = (
					"DEBUG=1",
					"$(inherited)",
				);
				GCC_WARN_64_TO_32_BIT_CONVERSION = YES;
				GCC_WARN_ABOUT_RETURN_TYPE = YES_ERROR;
				GCC_WARN_UNDECLARED_SELECTOR = YES;
				GCC_WARN_UNINITIALIZED_AUTOS = YES_AGGRESSIVE;
				GCC_WARN_UNUSED_FUNCTION = YES;
				GCC_WARN_UNUSED_VARIABLE = YES;
				IPHONEOS_DEPLOYMENT_TARGET = 18.5;
				LOCALIZATION_PREFERS_STRING_CATALOGS = YES;
				MTL_ENABLE_DEBUG_INFO = INCLUDE_SOURCE;
				MTL_FAST_MATH = YES;
				ONLY_ACTIVE_ARCH = YES;
				SDKROOT = iphoneos;
				SWIFT_ACTIVE_COMPILATION_CONDITIONS = "DEBUG $(inherited)";
				SWIFT_OPTIMIZATION_LEVEL = "-Onone";
			};
			name = Debug;
		};
		4FDF23782E19317100B0E44D /* Release */ = {
			isa = XCBuildConfiguration;
			buildSettings = {
				ALWAYS_SEARCH_USER_PATHS = NO;
				ASSETCATALOG_COMPILER_GENERATE_SWIFT_ASSET_SYMBOL_EXTENSIONS = YES;
				CLANG_ANALYZER_NONNULL = YES;
				CLANG_ANALYZER_NUMBER_OBJECT_CONVERSION = YES_AGGRESSIVE;
				CLANG_CXX_LANGUAGE_STANDARD = "gnu++20";
				CLANG_ENABLE_MODULES = YES;
				CLANG_ENABLE_OBJC_ARC = YES;
				CLANG_ENABLE_OBJC_WEAK = YES;
				CLANG_WARN_BLOCK_CAPTURE_AUTORELEASING = YES;
				CLANG_WARN_BOOL_CONVERSION = YES;
				CLANG_WARN_COMMA = YES;
				CLANG_WARN_CONSTANT_CONVERSION = YES;
				CLANG_WARN_DEPRECATED_OBJC_IMPLEMENTATIONS = YES;
				CLANG_WARN_DIRECT_OBJC_ISA_USAGE = YES_ERROR;
				CLANG_WARN_DOCUMENTATION_COMMENTS = YES;
				CLANG_WARN_EMPTY_BODY = YES;
				CLANG_WARN_ENUM_CONVERSION = YES;
				CLANG_WARN_INFINITE_RECURSION = YES;
				CLANG_WARN_INT_CONVERSION = YES;
				CLANG_WARN_NON_LITERAL_NULL_CONVERSION = YES;
				CLANG_WARN_OBJC_IMPLICIT_RETAIN_SELF = YES;
				CLANG_WARN_OBJC_LITERAL_CONVERSION = YES;
				CLANG_WARN_OBJC_ROOT_CLASS = YES_ERROR;
				CLANG_WARN_QUOTED_INCLUDE_IN_FRAMEWORK_HEADER = YES;
				CLANG_WARN_RANGE_LOOP_ANALYSIS = YES;
				CLANG_WARN_STRICT_PROTOTYPES = YES;
				CLANG_WARN_SUSPICIOUS_MOVE = YES;
				CLANG_WARN_UNGUARDED_AVAILABILITY = YES_AGGRESSIVE;
				CLANG_WARN_UNREACHABLE_CODE = YES;
				CLANG_WARN__DUPLICATE_METHOD_MATCH = YES;
				COPY_PHASE_STRIP = NO;
				DEBUG_INFORMATION_FORMAT = "dwarf-with-dsym";
				DEVELOPMENT_TEAM = T683UBQ6MY;
				ENABLE_NS_ASSERTIONS = NO;
				ENABLE_STRICT_OBJC_MSGSEND = YES;
				ENABLE_USER_SCRIPT_SANDBOXING = YES;
				GCC_C_LANGUAGE_STANDARD = gnu17;
				GCC_NO_COMMON_BLOCKS = YES;
				GCC_WARN_64_TO_32_BIT_CONVERSION = YES;
				GCC_WARN_ABOUT_RETURN_TYPE = YES_ERROR;
				GCC_WARN_UNDECLARED_SELECTOR = YES;
				GCC_WARN_UNINITIALIZED_AUTOS = YES_AGGRESSIVE;
				GCC_WARN_UNUSED_FUNCTION = YES;
				GCC_WARN_UNUSED_VARIABLE = YES;
				IPHONEOS_DEPLOYMENT_TARGET = 18.5;
				LOCALIZATION_PREFERS_STRING_CATALOGS = YES;
				MTL_ENABLE_DEBUG_INFO = NO;
				MTL_FAST_MATH = YES;
				SDKROOT = iphoneos;
				SWIFT_COMPILATION_MODE = wholemodule;
				VALIDATE_PRODUCT = YES;
			};
			name = Release;
		};
		4FDF237A2E19317100B0E44D /* Debug */ = {
			isa = XCBuildConfiguration;
			buildSettings = {
				ASSETCATALOG_COMPILER_APPICON_NAME = AppIcon;
				ASSETCATALOG_COMPILER_GLOBAL_ACCENT_COLOR_NAME = AccentColor;
				CODE_SIGN_STYLE = Automatic;
				CURRENT_PROJECT_VERSION = 1;
				DEVELOPMENT_TEAM = T683UBQ6MY;
				ENABLE_PREVIEWS = YES;
				GENERATE_INFOPLIST_FILE = YES;
				INFOPLIST_KEY_UIApplicationSceneManifest_Generation = YES;
				INFOPLIST_KEY_UIApplicationSupportsIndirectInputEvents = YES;
				INFOPLIST_KEY_UILaunchScreen_Generation = YES;
				INFOPLIST_KEY_UISupportedInterfaceOrientations_iPad = "UIInterfaceOrientationPortrait UIInterfaceOrientationPortraitUpsideDown UIInterfaceOrientationLandscapeLeft UIInterfaceOrientationLandscapeRight";
				INFOPLIST_KEY_UISupportedInterfaceOrientations_iPhone = "UIInterfaceOrientationPortrait UIInterfaceOrientationLandscapeLeft UIInterfaceOrientationLandscapeRight";
				LD_RUNPATH_SEARCH_PATHS = (
					"$(inherited)",
					"@executable_path/Frameworks",
				);
				MARKETING_VERSION = 1.0;
				PRODUCT_BUNDLE_IDENTIFIER = nl.bennet.Pokedex;
				PRODUCT_NAME = "$(TARGET_NAME)";
				SWIFT_EMIT_LOC_STRINGS = YES;
				SWIFT_VERSION = 5.0;
				TARGETED_DEVICE_FAMILY = "1,2";
			};
			name = Debug;
		};
		4FDF237B2E19317100B0E44D /* Release */ = {
			isa = XCBuildConfiguration;
			buildSettings = {
				ASSETCATALOG_COMPILER_APPICON_NAME = AppIcon;
				ASSETCATALOG_COMPILER_GLOBAL_ACCENT_COLOR_NAME = AccentColor;
				CODE_SIGN_STYLE = Automatic;
				CURRENT_PROJECT_VERSION = 1;
				DEVELOPMENT_TEAM = T683UBQ6MY;
				ENABLE_PREVIEWS = YES;
				GENERATE_INFOPLIST_FILE = YES;
				INFOPLIST_KEY_UIApplicationSceneManifest_Generation = YES;
				INFOPLIST_KEY_UIApplicationSupportsIndirectInputEvents = YES;
				INFOPLIST_KEY_UILaunchScreen_Generation = YES;
				INFOPLIST_KEY_UISupportedInterfaceOrientations_iPad = "UIInterfaceOrientationPortrait UIInterfaceOrientationPortraitUpsideDown UIInterfaceOrientationLandscapeLeft UIInterfaceOrientationLandscapeRight";
				INFOPLIST_KEY_UISupportedInterfaceOrientations_iPhone = "UIInterfaceOrientationPortrait UIInterfaceOrientationLandscapeLeft UIInterfaceOrientationLandscapeRight";
				LD_RUNPATH_SEARCH_PATHS = (
					"$(inherited)",
					"@executable_path/Frameworks",
				);
				MARKETING_VERSION = 1.0;
				PRODUCT_BUNDLE_IDENTIFIER = nl.bennet.Pokedex;
				PRODUCT_NAME = "$(TARGET_NAME)";
				SWIFT_EMIT_LOC_STRINGS = YES;
				SWIFT_VERSION = 5.0;
				TARGETED_DEVICE_FAMILY = "1,2";
			};
			name = Release;
		};
/* End XCBuildConfiguration section */

/* Begin XCConfigurationList section */
		4FDF23692E19316F00B0E44D /* Build configuration list for PBXProject "Pokedex" */ = {
			isa = XCConfigurationList;
			buildConfigurations = (
				4FDF23772E19317100B0E44D /* Debug */,
				4FDF23782E19317100B0E44D /* Release */,
			);
			defaultConfigurationIsVisible = 0;
			defaultConfigurationName = Release;
		};
		4FDF23792E19317100B0E44D /* Build configuration list for PBXNativeTarget "Pokedex" */ = {
			isa = XCConfigurationList;
			buildConfigurations = (
				4FDF237A2E19317100B0E44D /* Debug */,
				4FDF237B2E19317100B0E44D /* Release */,
			);
			defaultConfigurationIsVisible = 0;
			defaultConfigurationName = Release;
		};
/* End XCConfigurationList section */

/* Begin XCRemoteSwiftPackageReference section */
		4FDF237C2E19344D00B0E44D /* XCRemoteSwiftPackageReference "Alamofire" */ = {
			isa = XCRemoteSwiftPackageReference;
			repositoryURL = "https://github.com/Alamofire/Alamofire.git";
			requirement = {
				kind = upToNextMajorVersion;
				minimumVersion = 5.10.2;
			};
		};
/* End XCRemoteSwiftPackageReference section */

/* Begin XCSwiftPackageProductDependency section */
		4FDF237D2E19344D00B0E44D /* Alamofire */ = {
			isa = XCSwiftPackageProductDependency;
			package = 4FDF237C2E19344D00B0E44D /* XCRemoteSwiftPackageReference "Alamofire" */;
			productName = Alamofire;
		};
/* End XCSwiftPackageProductDependency section */
	};
	rootObject = 4FDF23662E19316F00B0E44D /* Project object */;
}
